
Microsoft Visual Studio Solution File, Format Version 12.00
# Visual Studio 15
VisualStudioVersion = 15.0.27428.2002
MinimumVisualStudioVersion = 10.0.40219.1
Project("{9A19103F-16F7-4668-BE54-9A1E7A4F7556}") = "0.Demo", "0.Demo\0.Demo.csproj", "{57C3CB9E-3277-458F-9C43-BAF02151C196}"
EndProject
Project("{9A19103F-16F7-4668-BE54-9A1E7A4F7556}") = "1. Count Real Numbers", "1. Count Real Numbers\1. Count Real Numbers.csproj", "{8747DDB1-2DC3-4659-80A7-8ED6FC88F7F4}"
EndProject
Project("{9A19103F-16F7-4668-BE54-9A1E7A4F7556}") = "2. Odd Occurrences", "2. Odd Occurrences\2. Odd Occurrences.csproj", "{C4998D38-18B4-4420-80E6-8323909FCCF8}"
EndProject
Project("{9A19103F-16F7-4668-BE54-9A1E7A4F7556}") = "6. Fold and Sum", "6. Fold and Sum\6. Fold and Sum.csproj", "{442F8221-7CB5-4689-B1CA-1D014B2AF460}"
EndProject
Project("{9A19103F-16F7-4668-BE54-9A1E7A4F7556}") = "3. Sum, Min, Max, Average", "3. Sum, Min, Max, Average\3. Sum, Min, Max, Average.csproj", "{3B3CF26E-5491-472F-BFA2-715CE9349302}"
EndProject
Project("{9A19103F-16F7-4668-BE54-9A1E7A4F7556}") = "4. Largest 3 Numbers", "4. Largest 3 Numbers\4. Largest 3 Numbers.csproj", "{383F3498-A4A1-4B7F-BA6B-9BAAD221280D}"
EndProject
Project("{9A19103F-16F7-4668-BE54-9A1E7A4F7556}") = "5. Short Words Sorted", "5. Short Words Sorted\5. Short Words Sorted.csproj", "{E944ACFE-457F-48C1-A90A-488FF732F070}"
EndProject
Project("{FAE04EC0-301F-11D3-BF4B-00C04F79EFBC}") = "6. Fold and Sum_2", "6. Fold and Sum_2\6. Fold and Sum_2.csproj", "{936FFC3F-C853-497A-9D1A-47032380C860}"
EndProject
Global
	GlobalSection(SolutionConfigurationPlatforms) = preSolution
		Debug|Any CPU = Debug|Any CPU
		Debug|ARM = Debug|ARM
		Debug|x64 = Debug|x64
		Debug|x86 = Debug|x86
		Release|Any CPU = Release|Any CPU
		Release|ARM = Release|ARM
		Release|x64 = Release|x64
		Release|x86 = Release|x86
	EndGlobalSection
	GlobalSection(ProjectConfigurationPlatforms) = postSolution
		{57C3CB9E-3277-458F-9C43-BAF02151C196}.Debug|Any CPU.ActiveCfg = Debug|Any CPU
		{57C3CB9E-3277-458F-9C43-BAF02151C196}.Debug|Any CPU.Build.0 = Debug|Any CPU
		{57C3CB9E-3277-458F-9C43-BAF02151C196}.Debug|ARM.ActiveCfg = Debug|Any CPU
		{57C3CB9E-3277-458F-9C43-BAF02151C196}.Debug|ARM.Build.0 = Debug|Any CPU
		{57C3CB9E-3277-458F-9C43-BAF02151C196}.Debug|x64.ActiveCfg = Debug|Any CPU
		{57C3CB9E-3277-458F-9C43-BAF02151C196}.Debug|x64.Build.0 = Debug|Any CPU
		{57C3CB9E-3277-458F-9C43-BAF02151C196}.Debug|x86.ActiveCfg = Debug|Any CPU
		{57C3CB9E-3277-458F-9C43-BAF02151C196}.Debug|x86.Build.0 = Debug|Any CPU
		{57C3CB9E-3277-458F-9C43-BAF02151C196}.Release|Any CPU.ActiveCfg = Release|Any CPU
		{57C3CB9E-3277-458F-9C43-BAF02151C196}.Release|Any CPU.Build.0 = Release|Any CPU
		{57C3CB9E-3277-458F-9C43-BAF02151C196}.Release|ARM.ActiveCfg = Release|Any CPU
		{57C3CB9E-3277-458F-9C43-BAF02151C196}.Release|ARM.Build.0 = Release|Any CPU
		{57C3CB9E-3277-458F-9C43-BAF02151C196}.Release|x64.ActiveCfg = Release|Any CPU
		{57C3CB9E-3277-458F-9C43-BAF02151C196}.Release|x64.Build.0 = Release|Any CPU
		{57C3CB9E-3277-458F-9C43-BAF02151C196}.Release|x86.ActiveCfg = Release|Any CPU
		{57C3CB9E-3277-458F-9C43-BAF02151C196}.Release|x86.Build.0 = Release|Any CPU
		{8747DDB1-2DC3-4659-80A7-8ED6FC88F7F4}.Debug|Any CPU.ActiveCfg = Debug|Any CPU
		{8747DDB1-2DC3-4659-80A7-8ED6FC88F7F4}.Debug|Any CPU.Build.0 = Debug|Any CPU
		{8747DDB1-2DC3-4659-80A7-8ED6FC88F7F4}.Debug|ARM.ActiveCfg = Debug|Any CPU
		{8747DDB1-2DC3-4659-80A7-8ED6FC88F7F4}.Debug|ARM.Build.0 = Debug|Any CPU
		{8747DDB1-2DC3-4659-80A7-8ED6FC88F7F4}.Debug|x64.ActiveCfg = Debug|Any CPU
		{8747DDB1-2DC3-4659-80A7-8ED6FC88F7F4}.Debug|x64.Build.0 = Debug|Any CPU
		{8747DDB1-2DC3-4659-80A7-8ED6FC88F7F4}.Debug|x86.ActiveCfg = Debug|Any CPU
		{8747DDB1-2DC3-4659-80A7-8ED6FC88F7F4}.Debug|x86.Build.0 = Debug|Any CPU
		{8747DDB1-2DC3-4659-80A7-8ED6FC88F7F4}.Release|Any CPU.ActiveCfg = Release|Any CPU
		{8747DDB1-2DC3-4659-80A7-8ED6FC88F7F4}.Release|Any CPU.Build.0 = Release|Any CPU
		{8747DDB1-2DC3-4659-80A7-8ED6FC88F7F4}.Release|ARM.ActiveCfg = Release|Any CPU
		{8747DDB1-2DC3-4659-80A7-8ED6FC88F7F4}.Release|ARM.Build.0 = Release|Any CPU
		{8747DDB1-2DC3-4659-80A7-8ED6FC88F7F4}.Release|x64.ActiveCfg = Release|Any CPU
		{8747DDB1-2DC3-4659-80A7-8ED6FC88F7F4}.Release|x64.Build.0 = Release|Any CPU
		{8747DDB1-2DC3-4659-80A7-8ED6FC88F7F4}.Release|x86.ActiveCfg = Release|Any CPU
		{8747DDB1-2DC3-4659-80A7-8ED6FC88F7F4}.Release|x86.Build.0 = Release|Any CPU
		{C4998D38-18B4-4420-80E6-8323909FCCF8}.Debug|Any CPU.ActiveCfg = Debug|Any CPU
		{C4998D38-18B4-4420-80E6-8323909FCCF8}.Debug|Any CPU.Build.0 = Debug|Any CPU
		{C4998D38-18B4-4420-80E6-8323909FCCF8}.Debug|ARM.ActiveCfg = Debug|Any CPU
		{C4998D38-18B4-4420-80E6-8323909FCCF8}.Debug|ARM.Build.0 = Debug|Any CPU
		{C4998D38-18B4-4420-80E6-8323909FCCF8}.Debug|x64.ActiveCfg = Debug|Any CPU
		{C4998D38-18B4-4420-80E6-8323909FCCF8}.Debug|x64.Build.0 = Debug|Any CPU
		{C4998D38-18B4-4420-80E6-8323909FCCF8}.Debug|x86.ActiveCfg = Debug|Any CPU
		{C4998D38-18B4-4420-80E6-8323909FCCF8}.Debug|x86.Build.0 = Debug|Any CPU
		{C4998D38-18B4-4420-80E6-8323909FCCF8}.Release|Any CPU.ActiveCfg = Release|Any CPU
		{C4998D38-18B4-4420-80E6-8323909FCCF8}.Release|Any CPU.Build.0 = Release|Any CPU
		{C4998D38-18B4-4420-80E6-8323909FCCF8}.Release|ARM.ActiveCfg = Release|Any CPU
		{C4998D38-18B4-4420-80E6-8323909FCCF8}.Release|ARM.Build.0 = Release|Any CPU
		{C4998D38-18B4-4420-80E6-8323909FCCF8}.Release|x64.ActiveCfg = Release|Any CPU
		{C4998D38-18B4-4420-80E6-8323909FCCF8}.Release|x64.Build.0 = Release|Any CPU
		{C4998D38-18B4-4420-80E6-8323909FCCF8}.Release|x86.ActiveCfg = Release|Any CPU
		{C4998D38-18B4-4420-80E6-8323909FCCF8}.Release|x86.Build.0 = Release|Any CPU
		{442F8221-7CB5-4689-B1CA-1D014B2AF460}.Debug|Any CPU.ActiveCfg = Debug|Any CPU
		{442F8221-7CB5-4689-B1CA-1D014B2AF460}.Debug|Any CPU.Build.0 = Debug|Any CPU
		{442F8221-7CB5-4689-B1CA-1D014B2AF460}.Debug|ARM.ActiveCfg = Debug|Any CPU
		{442F8221-7CB5-4689-B1CA-1D014B2AF460}.Debug|ARM.Build.0 = Debug|Any CPU
		{442F8221-7CB5-4689-B1CA-1D014B2AF460}.Debug|x64.ActiveCfg = Debug|Any CPU
		{442F8221-7CB5-4689-B1CA-1D014B2AF460}.Debug|x64.Build.0 = Debug|Any CPU
		{442F8221-7CB5-4689-B1CA-1D014B2AF460}.Debug|x86.ActiveCfg = Debug|Any CPU
		{442F8221-7CB5-4689-B1CA-1D014B2AF460}.Debug|x86.Build.0 = Debug|Any CPU
		{442F8221-7CB5-4689-B1CA-1D014B2AF460}.Release|Any CPU.ActiveCfg = Release|Any CPU
		{442F8221-7CB5-4689-B1CA-1D014B2AF460}.Release|Any CPU.Build.0 = Release|Any CPU
		{442F8221-7CB5-4689-B1CA-1D014B2AF460}.Release|ARM.ActiveCfg = Release|Any CPU
		{442F8221-7CB5-4689-B1CA-1D014B2AF460}.Release|ARM.Build.0 = Release|Any CPU
		{442F8221-7CB5-4689-B1CA-1D014B2AF460}.Release|x64.ActiveCfg = Release|Any CPU
		{442F8221-7CB5-4689-B1CA-1D014B2AF460}.Release|x64.Build.0 = Release|Any CPU
		{442F8221-7CB5-4689-B1CA-1D014B2AF460}.Release|x86.ActiveCfg = Release|Any CPU
		{442F8221-7CB5-4689-B1CA-1D014B2AF460}.Release|x86.Build.0 = Release|Any CPU
		{3B3CF26E-5491-472F-BFA2-715CE9349302}.Debug|Any CPU.ActiveCfg = Debug|Any CPU
		{3B3CF26E-5491-472F-BFA2-715CE9349302}.Debug|Any CPU.Build.0 = Debug|Any CPU
		{3B3CF26E-5491-472F-BFA2-715CE9349302}.Debug|ARM.ActiveCfg = Debug|Any CPU
		{3B3CF26E-5491-472F-BFA2-715CE9349302}.Debug|ARM.Build.0 = Debug|Any CPU
		{3B3CF26E-5491-472F-BFA2-715CE9349302}.Debug|x64.ActiveCfg = Debug|Any CPU
		{3B3CF26E-5491-472F-BFA2-715CE9349302}.Debug|x64.Build.0 = Debug|Any CPU
		{3B3CF26E-5491-472F-BFA2-715CE9349302}.Debug|x86.ActiveCfg = Debug|Any CPU
		{3B3CF26E-5491-472F-BFA2-715CE9349302}.Debug|x86.Build.0 = Debug|Any CPU
		{3B3CF26E-5491-472F-BFA2-715CE9349302}.Release|Any CPU.ActiveCfg = Release|Any CPU
		{3B3CF26E-5491-472F-BFA2-715CE9349302}.Release|Any CPU.Build.0 = Release|Any CPU
		{3B3CF26E-5491-472F-BFA2-715CE9349302}.Release|ARM.ActiveCfg = Release|Any CPU
		{3B3CF26E-5491-472F-BFA2-715CE9349302}.Release|ARM.Build.0 = Release|Any CPU
		{3B3CF26E-5491-472F-BFA2-715CE9349302}.Release|x64.ActiveCfg = Release|Any CPU
		{3B3CF26E-5491-472F-BFA2-715CE9349302}.Release|x64.Build.0 = Release|Any CPU
		{3B3CF26E-5491-472F-BFA2-715CE9349302}.Release|x86.ActiveCfg = Release|Any CPU
		{3B3CF26E-5491-472F-BFA2-715CE9349302}.Release|x86.Build.0 = Release|Any CPU
		{383F3498-A4A1-4B7F-BA6B-9BAAD221280D}.Debug|Any CPU.ActiveCfg = Debug|Any CPU
		{383F3498-A4A1-4B7F-BA6B-9BAAD221280D}.Debug|Any CPU.Build.0 = Debug|Any CPU
		{383F3498-A4A1-4B7F-BA6B-9BAAD221280D}.Debug|ARM.ActiveCfg = Debug|Any CPU
		{383F3498-A4A1-4B7F-BA6B-9BAAD221280D}.Debug|ARM.Build.0 = Debug|Any CPU
		{383F3498-A4A1-4B7F-BA6B-9BAAD221280D}.Debug|x64.ActiveCfg = Debug|Any CPU
		{383F3498-A4A1-4B7F-BA6B-9BAAD221280D}.Debug|x64.Build.0 = Debug|Any CPU
		{383F3498-A4A1-4B7F-BA6B-9BAAD221280D}.Debug|x86.ActiveCfg = Debug|Any CPU
		{383F3498-A4A1-4B7F-BA6B-9BAAD221280D}.Debug|x86.Build.0 = Debug|Any CPU
		{383F3498-A4A1-4B7F-BA6B-9BAAD221280D}.Release|Any CPU.ActiveCfg = Release|Any CPU
		{383F3498-A4A1-4B7F-BA6B-9BAAD221280D}.Release|Any CPU.Build.0 = Release|Any CPU
		{383F3498-A4A1-4B7F-BA6B-9BAAD221280D}.Release|ARM.ActiveCfg = Release|Any CPU
		{383F3498-A4A1-4B7F-BA6B-9BAAD221280D}.Release|ARM.Build.0 = Release|Any CPU
		{383F3498-A4A1-4B7F-BA6B-9BAAD221280D}.Release|x64.ActiveCfg = Release|Any CPU
		{383F3498-A4A1-4B7F-BA6B-9BAAD221280D}.Release|x64.Build.0 = Release|Any CPU
		{383F3498-A4A1-4B7F-BA6B-9BAAD221280D}.Release|x86.ActiveCfg = Release|Any CPU
		{383F3498-A4A1-4B7F-BA6B-9BAAD221280D}.Release|x86.Build.0 = Release|Any CPU
		{E944ACFE-457F-48C1-A90A-488FF732F070}.Debug|Any CPU.ActiveCfg = Debug|Any CPU
		{E944ACFE-457F-48C1-A90A-488FF732F070}.Debug|Any CPU.Build.0 = Debug|Any CPU
		{E944ACFE-457F-48C1-A90A-488FF732F070}.Debug|ARM.ActiveCfg = Debug|Any CPU
		{E944ACFE-457F-48C1-A90A-488FF732F070}.Debug|ARM.Build.0 = Debug|Any CPU
		{E944ACFE-457F-48C1-A90A-488FF732F070}.Debug|x64.ActiveCfg = Debug|Any CPU
		{E944ACFE-457F-48C1-A90A-488FF732F070}.Debug|x64.Build.0 = Debug|Any CPU
		{E944ACFE-457F-48C1-A90A-488FF732F070}.Debug|x86.ActiveCfg = Debug|Any CPU
		{E944ACFE-457F-48C1-A90A-488FF732F070}.Debug|x86.Build.0 = Debug|Any CPU
		{E944ACFE-457F-48C1-A90A-488FF732F070}.Release|Any CPU.ActiveCfg = Release|Any CPU
		{E944ACFE-457F-48C1-A90A-488FF732F070}.Release|Any CPU.Build.0 = Release|Any CPU
		{E944ACFE-457F-48C1-A90A-488FF732F070}.Release|ARM.ActiveCfg = Release|Any CPU
		{E944ACFE-457F-48C1-A90A-488FF732F070}.Release|ARM.Build.0 = Release|Any CPU
		{E944ACFE-457F-48C1-A90A-488FF732F070}.Release|x64.ActiveCfg = Release|Any CPU
		{E944ACFE-457F-48C1-A90A-488FF732F070}.Release|x64.Build.0 = Release|Any CPU
		{E944ACFE-457F-48C1-A90A-488FF732F070}.Release|x86.ActiveCfg = Release|Any CPU
		{E944ACFE-457F-48C1-A90A-488FF732F070}.Release|x86.Build.0 = Release|Any CPU
		{936FFC3F-C853-497A-9D1A-47032380C860}.Debug|Any CPU.ActiveCfg = Debug|Any CPU
		{936FFC3F-C853-497A-9D1A-47032380C860}.Debug|Any CPU.Build.0 = Debug|Any CPU
		{936FFC3F-C853-497A-9D1A-47032380C860}.Debug|ARM.ActiveCfg = Debug|Any CPU
		{936FFC3F-C853-497A-9D1A-47032380C860}.Debug|ARM.Build.0 = Debug|Any CPU
		{936FFC3F-C853-497A-9D1A-47032380C860}.Debug|x64.ActiveCfg = Debug|Any CPU
		{936FFC3F-C853-497A-9D1A-47032380C860}.Debug|x64.Build.0 = Debug|Any CPU
		{936FFC3F-C853-497A-9D1A-47032380C860}.Debug|x86.ActiveCfg = Debug|Any CPU
		{936FFC3F-C853-497A-9D1A-47032380C860}.Debug|x86.Build.0 = Debug|Any CPU
		{936FFC3F-C853-497A-9D1A-47032380C860}.Release|Any CPU.ActiveCfg = Release|Any CPU
		{936FFC3F-C853-497A-9D1A-47032380C860}.Release|Any CPU.Build.0 = Release|Any CPU
		{936FFC3F-C853-497A-9D1A-47032380C860}.Release|ARM.ActiveCfg = Release|Any CPU
		{936FFC3F-C853-497A-9D1A-47032380C860}.Release|ARM.Build.0 = Release|Any CPU
		{936FFC3F-C853-497A-9D1A-47032380C860}.Release|x64.ActiveCfg = Release|Any CPU
		{936FFC3F-C853-497A-9D1A-47032380C860}.Release|x64.Build.0 = Release|Any CPU
		{936FFC3F-C853-497A-9D1A-47032380C860}.Release|x86.ActiveCfg = Release|Any CPU
		{936FFC3F-C853-497A-9D1A-47032380C860}.Release|x86.Build.0 = Release|Any CPU
	EndGlobalSection
	GlobalSection(SolutionProperties) = preSolution
		HideSolutionNode = FALSE
	EndGlobalSection
	GlobalSection(ExtensibilityGlobals) = postSolution
		SolutionGuid = {808E4285-8E04-42CB-B4A6-517A67A692B2}
	EndGlobalSection
EndGlobal
