
Microsoft Visual Studio Solution File, Format Version 12.00
# Visual Studio 15
VisualStudioVersion = 15.0.27428.2002
MinimumVisualStudioVersion = 10.0.40219.1
Project("{9A19103F-16F7-4668-BE54-9A1E7A4F7556}") = "3.Back in 30 minutes", "3.Back in 30 minutes\3.Back in 30 minutes.csproj", "{6F7572C5-B7B8-41B5-8BA5-B7AAC4FAA251}"
EndProject
Project("{9A19103F-16F7-4668-BE54-9A1E7A4F7556}") = "3.Back in 30 minutes_2", "3.Back in 30 minutes_2\3.Back in 30 minutes_2.csproj", "{F6BFB3B8-4D64-40A3-A9AA-29CD9E2B39AB}"
EndProject
Project("{9A19103F-16F7-4668-BE54-9A1E7A4F7556}") = "4.Month Printer", "4.Month Printer\4.Month Printer.csproj", "{28DF0806-B94F-4C70-A8E1-AD2ECF93E948}"
EndProject
Project("{9A19103F-16F7-4668-BE54-9A1E7A4F7556}") = "5. Foreign Languages", "5. Foreign Languages\5. Foreign Languages.csproj", "{E4EC7795-947D-4AE0-A51F-401BC15E1ED5}"
EndProject
Project("{9A19103F-16F7-4668-BE54-9A1E7A4F7556}") = "Logical Operators", "Logical Operators\Logical Operators.csproj", "{F349C035-B197-47B6-9482-33EB7BAA2224}"
EndProject
Project("{9A19103F-16F7-4668-BE54-9A1E7A4F7556}") = "6.Theatre promotions", "6.Theatre promotions\6.Theatre promotions.csproj", "{14CABEE3-2774-4829-BA63-FF3F083A2F36}"
EndProject
Project("{9A19103F-16F7-4668-BE54-9A1E7A4F7556}") = "7.Divisible by 3", "3.Divisible by 3\7.Divisible by 3.csproj", "{28E821EA-06D7-4888-B76A-2F05F13D78EA}"
EndProject
Project("{9A19103F-16F7-4668-BE54-9A1E7A4F7556}") = "8.Sum of odd number", "8.Sum of odd number\8.Sum of odd number.csproj", "{7B0BC98A-E9A4-49B0-90D4-36ED8D91D3CA}"
EndProject
Project("{9A19103F-16F7-4668-BE54-9A1E7A4F7556}") = "9.Multiplication Table", "9.Multiplication Table\9.Multiplication Table.csproj", "{C43C6E67-DE08-48F8-9880-9FF2893B81A2}"
EndProject
Project("{9A19103F-16F7-4668-BE54-9A1E7A4F7556}") = "10.Multiplication table 2.0", "10.Multiplication table 2.0\10.Multiplication table 2.0.csproj", "{F636F5C6-9AEE-4D08-9F4D-BDE8D4F6F93D}"
EndProject
Project("{9A19103F-16F7-4668-BE54-9A1E7A4F7556}") = "11.Odd number", "11.Odd number\11.Odd number.csproj", "{A1E9C7FF-D01D-4224-A285-7AE643AA9B05}"
EndProject
Project("{FAE04EC0-301F-11D3-BF4B-00C04F79EFBC}") = "12.NumberChecker", "12.NumberChecker\12.NumberChecker.csproj", "{E3C9DA62-5BB7-43A3-BDE5-613CA465F77D}"
EndProject
Global
	GlobalSection(SolutionConfigurationPlatforms) = preSolution
		Debug|Any CPU = Debug|Any CPU
		Release|Any CPU = Release|Any CPU
	EndGlobalSection
	GlobalSection(ProjectConfigurationPlatforms) = postSolution
		{6F7572C5-B7B8-41B5-8BA5-B7AAC4FAA251}.Debug|Any CPU.ActiveCfg = Debug|Any CPU
		{6F7572C5-B7B8-41B5-8BA5-B7AAC4FAA251}.Debug|Any CPU.Build.0 = Debug|Any CPU
		{6F7572C5-B7B8-41B5-8BA5-B7AAC4FAA251}.Release|Any CPU.ActiveCfg = Release|Any CPU
		{6F7572C5-B7B8-41B5-8BA5-B7AAC4FAA251}.Release|Any CPU.Build.0 = Release|Any CPU
		{F6BFB3B8-4D64-40A3-A9AA-29CD9E2B39AB}.Debug|Any CPU.ActiveCfg = Debug|Any CPU
		{F6BFB3B8-4D64-40A3-A9AA-29CD9E2B39AB}.Debug|Any CPU.Build.0 = Debug|Any CPU
		{F6BFB3B8-4D64-40A3-A9AA-29CD9E2B39AB}.Release|Any CPU.ActiveCfg = Release|Any CPU
		{F6BFB3B8-4D64-40A3-A9AA-29CD9E2B39AB}.Release|Any CPU.Build.0 = Release|Any CPU
		{28DF0806-B94F-4C70-A8E1-AD2ECF93E948}.Debug|Any CPU.ActiveCfg = Debug|Any CPU
		{28DF0806-B94F-4C70-A8E1-AD2ECF93E948}.Debug|Any CPU.Build.0 = Debug|Any CPU
		{28DF0806-B94F-4C70-A8E1-AD2ECF93E948}.Release|Any CPU.ActiveCfg = Release|Any CPU
		{28DF0806-B94F-4C70-A8E1-AD2ECF93E948}.Release|Any CPU.Build.0 = Release|Any CPU
		{E4EC7795-947D-4AE0-A51F-401BC15E1ED5}.Debug|Any CPU.ActiveCfg = Debug|Any CPU
		{E4EC7795-947D-4AE0-A51F-401BC15E1ED5}.Debug|Any CPU.Build.0 = Debug|Any CPU
		{E4EC7795-947D-4AE0-A51F-401BC15E1ED5}.Release|Any CPU.ActiveCfg = Release|Any CPU
		{E4EC7795-947D-4AE0-A51F-401BC15E1ED5}.Release|Any CPU.Build.0 = Release|Any CPU
		{F349C035-B197-47B6-9482-33EB7BAA2224}.Debug|Any CPU.ActiveCfg = Debug|Any CPU
		{F349C035-B197-47B6-9482-33EB7BAA2224}.Debug|Any CPU.Build.0 = Debug|Any CPU
		{F349C035-B197-47B6-9482-33EB7BAA2224}.Release|Any CPU.ActiveCfg = Release|Any CPU
		{F349C035-B197-47B6-9482-33EB7BAA2224}.Release|Any CPU.Build.0 = Release|Any CPU
		{14CABEE3-2774-4829-BA63-FF3F083A2F36}.Debug|Any CPU.ActiveCfg = Debug|Any CPU
		{14CABEE3-2774-4829-BA63-FF3F083A2F36}.Debug|Any CPU.Build.0 = Debug|Any CPU
		{14CABEE3-2774-4829-BA63-FF3F083A2F36}.Release|Any CPU.ActiveCfg = Release|Any CPU
		{14CABEE3-2774-4829-BA63-FF3F083A2F36}.Release|Any CPU.Build.0 = Release|Any CPU
		{28E821EA-06D7-4888-B76A-2F05F13D78EA}.Debug|Any CPU.ActiveCfg = Debug|Any CPU
		{28E821EA-06D7-4888-B76A-2F05F13D78EA}.Debug|Any CPU.Build.0 = Debug|Any CPU
		{28E821EA-06D7-4888-B76A-2F05F13D78EA}.Release|Any CPU.ActiveCfg = Release|Any CPU
		{28E821EA-06D7-4888-B76A-2F05F13D78EA}.Release|Any CPU.Build.0 = Release|Any CPU
		{7B0BC98A-E9A4-49B0-90D4-36ED8D91D3CA}.Debug|Any CPU.ActiveCfg = Debug|Any CPU
		{7B0BC98A-E9A4-49B0-90D4-36ED8D91D3CA}.Debug|Any CPU.Build.0 = Debug|Any CPU
		{7B0BC98A-E9A4-49B0-90D4-36ED8D91D3CA}.Release|Any CPU.ActiveCfg = Release|Any CPU
		{7B0BC98A-E9A4-49B0-90D4-36ED8D91D3CA}.Release|Any CPU.Build.0 = Release|Any CPU
		{C43C6E67-DE08-48F8-9880-9FF2893B81A2}.Debug|Any CPU.ActiveCfg = Debug|Any CPU
		{C43C6E67-DE08-48F8-9880-9FF2893B81A2}.Debug|Any CPU.Build.0 = Debug|Any CPU
		{C43C6E67-DE08-48F8-9880-9FF2893B81A2}.Release|Any CPU.ActiveCfg = Release|Any CPU
		{C43C6E67-DE08-48F8-9880-9FF2893B81A2}.Release|Any CPU.Build.0 = Release|Any CPU
		{F636F5C6-9AEE-4D08-9F4D-BDE8D4F6F93D}.Debug|Any CPU.ActiveCfg = Debug|Any CPU
		{F636F5C6-9AEE-4D08-9F4D-BDE8D4F6F93D}.Debug|Any CPU.Build.0 = Debug|Any CPU
		{F636F5C6-9AEE-4D08-9F4D-BDE8D4F6F93D}.Release|Any CPU.ActiveCfg = Release|Any CPU
		{F636F5C6-9AEE-4D08-9F4D-BDE8D4F6F93D}.Release|Any CPU.Build.0 = Release|Any CPU
		{A1E9C7FF-D01D-4224-A285-7AE643AA9B05}.Debug|Any CPU.ActiveCfg = Debug|Any CPU
		{A1E9C7FF-D01D-4224-A285-7AE643AA9B05}.Debug|Any CPU.Build.0 = Debug|Any CPU
		{A1E9C7FF-D01D-4224-A285-7AE643AA9B05}.Release|Any CPU.ActiveCfg = Release|Any CPU
		{A1E9C7FF-D01D-4224-A285-7AE643AA9B05}.Release|Any CPU.Build.0 = Release|Any CPU
		{E3C9DA62-5BB7-43A3-BDE5-613CA465F77D}.Debug|Any CPU.ActiveCfg = Debug|Any CPU
		{E3C9DA62-5BB7-43A3-BDE5-613CA465F77D}.Debug|Any CPU.Build.0 = Debug|Any CPU
		{E3C9DA62-5BB7-43A3-BDE5-613CA465F77D}.Release|Any CPU.ActiveCfg = Release|Any CPU
		{E3C9DA62-5BB7-43A3-BDE5-613CA465F77D}.Release|Any CPU.Build.0 = Release|Any CPU
	EndGlobalSection
	GlobalSection(SolutionProperties) = preSolution
		HideSolutionNode = FALSE
	EndGlobalSection
	GlobalSection(ExtensibilityGlobals) = postSolution
		SolutionGuid = {F379F912-7120-4389-82A7-51FF35401995}
	EndGlobalSection
EndGlobal
