
Microsoft Visual Studio Solution File, Format Version 12.00
# Visual Studio 15
VisualStudioVersion = 15.0.27428.2002
MinimumVisualStudioVersion = 10.0.40219.1
Project("{FAE04EC0-301F-11D3-BF4B-00C04F79EFBC}") = "1.Exercise", "1.Exercise\1.Exercise.csproj", "{FFE9D91F-7713-4F84-860C-25CD10F801DE}"
EndProject
Project("{FAE04EC0-301F-11D3-BF4B-00C04F79EFBC}") = "2.Variables", "2.Variables\2.Variables.csproj", "{83FAA915-9552-47DF-B2B6-C900B3301141}"
EndProject
Project("{FAE04EC0-301F-11D3-BF4B-00C04F79EFBC}") = "Printing on the console", "Printing on the console\Printing on the console.csproj", "{0F876E91-13E3-4F10-AAF8-111064AB9C56}"
EndProject
Project("{FAE04EC0-301F-11D3-BF4B-00C04F79EFBC}") = "Greeting", "Greeting\Greeting.csproj", "{D3BBAC32-F094-4546-8BF0-32EEA2A155D7}"
EndProject
Project("{FAE04EC0-301F-11D3-BF4B-00C04F79EFBC}") = "AddTwoNumbers_02", "AddTwoNumbers_02\AddTwoNumbers_02.csproj", "{33EC1185-DA46-47D9-BB27-E93AD3A11A33}"
EndProject
Project("{FAE04EC0-301F-11D3-BF4B-00C04F79EFBC}") = "EmployeeData_03", "EmployeeData_03\EmployeeData_03.csproj", "{99E7AA17-2E9F-44CC-B132-457EB6A2E65C}"
EndProject
Project("{FAE04EC0-301F-11D3-BF4B-00C04F79EFBC}") = "Employee Data_by_Elena", "Employee Data_by_Elena\Employee Data_by_Elena.csproj", "{A9054704-ECAC-406E-B72F-923AEE56FAE6}"
EndProject
Global
	GlobalSection(SolutionConfigurationPlatforms) = preSolution
		Debug|Any CPU = Debug|Any CPU
		Release|Any CPU = Release|Any CPU
	EndGlobalSection
	GlobalSection(ProjectConfigurationPlatforms) = postSolution
		{FFE9D91F-7713-4F84-860C-25CD10F801DE}.Debug|Any CPU.ActiveCfg = Debug|Any CPU
		{FFE9D91F-7713-4F84-860C-25CD10F801DE}.Debug|Any CPU.Build.0 = Debug|Any CPU
		{FFE9D91F-7713-4F84-860C-25CD10F801DE}.Release|Any CPU.ActiveCfg = Release|Any CPU
		{FFE9D91F-7713-4F84-860C-25CD10F801DE}.Release|Any CPU.Build.0 = Release|Any CPU
		{83FAA915-9552-47DF-B2B6-C900B3301141}.Debug|Any CPU.ActiveCfg = Debug|Any CPU
		{83FAA915-9552-47DF-B2B6-C900B3301141}.Debug|Any CPU.Build.0 = Debug|Any CPU
		{83FAA915-9552-47DF-B2B6-C900B3301141}.Release|Any CPU.ActiveCfg = Release|Any CPU
		{83FAA915-9552-47DF-B2B6-C900B3301141}.Release|Any CPU.Build.0 = Release|Any CPU
		{0F876E91-13E3-4F10-AAF8-111064AB9C56}.Debug|Any CPU.ActiveCfg = Debug|Any CPU
		{0F876E91-13E3-4F10-AAF8-111064AB9C56}.Debug|Any CPU.Build.0 = Debug|Any CPU
		{0F876E91-13E3-4F10-AAF8-111064AB9C56}.Release|Any CPU.ActiveCfg = Release|Any CPU
		{0F876E91-13E3-4F10-AAF8-111064AB9C56}.Release|Any CPU.Build.0 = Release|Any CPU
		{D3BBAC32-F094-4546-8BF0-32EEA2A155D7}.Debug|Any CPU.ActiveCfg = Debug|Any CPU
		{D3BBAC32-F094-4546-8BF0-32EEA2A155D7}.Debug|Any CPU.Build.0 = Debug|Any CPU
		{D3BBAC32-F094-4546-8BF0-32EEA2A155D7}.Release|Any CPU.ActiveCfg = Release|Any CPU
		{D3BBAC32-F094-4546-8BF0-32EEA2A155D7}.Release|Any CPU.Build.0 = Release|Any CPU
		{33EC1185-DA46-47D9-BB27-E93AD3A11A33}.Debug|Any CPU.ActiveCfg = Debug|Any CPU
		{33EC1185-DA46-47D9-BB27-E93AD3A11A33}.Debug|Any CPU.Build.0 = Debug|Any CPU
		{33EC1185-DA46-47D9-BB27-E93AD3A11A33}.Release|Any CPU.ActiveCfg = Release|Any CPU
		{33EC1185-DA46-47D9-BB27-E93AD3A11A33}.Release|Any CPU.Build.0 = Release|Any CPU
		{99E7AA17-2E9F-44CC-B132-457EB6A2E65C}.Debug|Any CPU.ActiveCfg = Debug|Any CPU
		{99E7AA17-2E9F-44CC-B132-457EB6A2E65C}.Debug|Any CPU.Build.0 = Debug|Any CPU
		{99E7AA17-2E9F-44CC-B132-457EB6A2E65C}.Release|Any CPU.ActiveCfg = Release|Any CPU
		{99E7AA17-2E9F-44CC-B132-457EB6A2E65C}.Release|Any CPU.Build.0 = Release|Any CPU
		{A9054704-ECAC-406E-B72F-923AEE56FAE6}.Debug|Any CPU.ActiveCfg = Debug|Any CPU
		{A9054704-ECAC-406E-B72F-923AEE56FAE6}.Debug|Any CPU.Build.0 = Debug|Any CPU
		{A9054704-ECAC-406E-B72F-923AEE56FAE6}.Release|Any CPU.ActiveCfg = Release|Any CPU
		{A9054704-ECAC-406E-B72F-923AEE56FAE6}.Release|Any CPU.Build.0 = Release|Any CPU
	EndGlobalSection
	GlobalSection(SolutionProperties) = preSolution
		HideSolutionNode = FALSE
	EndGlobalSection
	GlobalSection(ExtensibilityGlobals) = postSolution
		SolutionGuid = {1AB79DAA-B939-472D-BF89-8877A9B036AB}
	EndGlobalSection
EndGlobal
